// !$*UTF8*$!
{
	archiveVersion = 1;
	classes = {
	};
	objectVersion = 56;
	objects = {

/* Begin PBXBuildFile section */
		77C592BC2A150BA700A4BCA7 /* AppDelegate.swift in Sources */ = {isa = PBXBuildFile; fileRef = 77C592BB2A150BA700A4BCA7 /* AppDelegate.swift */; };
		77C592BE2A150BA700A4BCA7 /* SceneDelegate.swift in Sources */ = {isa = PBXBuildFile; fileRef = 77C592BD2A150BA700A4BCA7 /* SceneDelegate.swift */; };
		77C592C02A150BA700A4BCA7 /* ViewController.swift in Sources */ = {isa = PBXBuildFile; fileRef = 77C592BF2A150BA700A4BCA7 /* ViewController.swift */; };
		77C592C32A150BA700A4BCA7 /* Main.storyboard in Resources */ = {isa = PBXBuildFile; fileRef = 77C592C12A150BA700A4BCA7 /* Main.storyboard */; };
		77C592C52A150BA900A4BCA7 /* Assets.xcassets in Resources */ = {isa = PBXBuildFile; fileRef = 77C592C42A150BA900A4BCA7 /* Assets.xcassets */; };
		77C592C82A150BA900A4BCA7 /* LaunchScreen.storyboard in Resources */ = {isa = PBXBuildFile; fileRef = 77C592C62A150BA900A4BCA7 /* LaunchScreen.storyboard */; };
		77C592D32A150BAA00A4BCA7 /* _517aTests.swift in Sources */ = {isa = PBXBuildFile; fileRef = 77C592D22A150BAA00A4BCA7 /* _517aTests.swift */; };
		77C592DD2A150BAA00A4BCA7 /* _517aUITests.swift in Sources */ = {isa = PBXBuildFile; fileRef = 77C592DC2A150BAA00A4BCA7 /* _517aUITests.swift */; };
		77C592DF2A150BAA00A4BCA7 /* _517aUITestsLaunchTests.swift in Sources */ = {isa = PBXBuildFile; fileRef = 77C592DE2A150BAA00A4BCA7 /* _517aUITestsLaunchTests.swift */; };
		77C592EC2A1511FC00A4BCA7 /* Data.swift in Sources */ = {isa = PBXBuildFile; fileRef = 77C592EB2A1511FC00A4BCA7 /* Data.swift */; };
		77C592EE2A151AB300A4BCA7 /* CustomTableViewCell.swift in Sources */ = {isa = PBXBuildFile; fileRef = 77C592ED2A151AB300A4BCA7 /* CustomTableViewCell.swift */; };
/* End PBXBuildFile section */

/* Begin PBXContainerItemProxy section */
		77C592CF2A150BAA00A4BCA7 /* PBXContainerItemProxy */ = {
			isa = PBXContainerItemProxy;
			containerPortal = 77C592B02A150BA700A4BCA7 /* Project object */;
			proxyType = 1;
			remoteGlobalIDString = 77C592B72A150BA700A4BCA7;
			remoteInfo = 0517a;
		};
		77C592D92A150BAA00A4BCA7 /* PBXContainerItemProxy */ = {
			isa = PBXContainerItemProxy;
			containerPortal = 77C592B02A150BA700A4BCA7 /* Project object */;
			proxyType = 1;
			remoteGlobalIDString = 77C592B72A150BA700A4BCA7;
			remoteInfo = 0517a;
		};
/* End PBXContainerItemProxy section */

/* Begin PBXFileReference section */
		77C592B82A150BA700A4BCA7 /* 0517a.app */ = {isa = PBXFileReference; explicitFileType = wrapper.application; includeInIndex = 0; path = 0517a.app; sourceTree = BUILT_PRODUCTS_DIR; };
		77C592BB2A150BA700A4BCA7 /* AppDelegate.swift */ = {isa = PBXFileReference; lastKnownFileType = sourcecode.swift; path = AppDelegate.swift; sourceTree = "<group>"; };
		77C592BD2A150BA700A4BCA7 /* SceneDelegate.swift */ = {isa = PBXFileReference; lastKnownFileType = sourcecode.swift; path = SceneDelegate.swift; sourceTree = "<group>"; };
		77C592BF2A150BA700A4BCA7 /* ViewController.swift */ = {isa = PBXFileReference; lastKnownFileType = sourcecode.swift; path = ViewController.swift; sourceTree = "<group>"; };
		77C592C22A150BA700A4BCA7 /* Base */ = {isa = PBXFileReference; lastKnownFileType = file.storyboard; name = Base; path = Base.lproj/Main.storyboard; sourceTree = "<group>"; };
		77C592C42A150BA900A4BCA7 /* Assets.xcassets */ = {isa = PBXFileReference; lastKnownFileType = folder.assetcatalog; path = Assets.xcassets; sourceTree = "<group>"; };
		77C592C72A150BA900A4BCA7 /* Base */ = {isa = PBXFileReference; lastKnownFileType = file.storyboard; name = Base; path = Base.lproj/LaunchScreen.storyboard; sourceTree = "<group>"; };
		77C592C92A150BA900A4BCA7 /* Info.plist */ = {isa = PBXFileReference; lastKnownFileType = text.plist.xml; path = Info.plist; sourceTree = "<group>"; };
		77C592CE2A150BAA00A4BCA7 /* 0517aTests.xctest */ = {isa = PBXFileReference; explicitFileType = wrapper.cfbundle; includeInIndex = 0; path = 0517aTests.xctest; sourceTree = BUILT_PRODUCTS_DIR; };
		77C592D22A150BAA00A4BCA7 /* _517aTests.swift */ = {isa = PBXFileReference; lastKnownFileType = sourcecode.swift; path = _517aTests.swift; sourceTree = "<group>"; };
		77C592D82A150BAA00A4BCA7 /* 0517aUITests.xctest */ = {isa = PBXFileReference; explicitFileType = wrapper.cfbundle; includeInIndex = 0; path = 0517aUITests.xctest; sourceTree = BUILT_PRODUCTS_DIR; };
		77C592DC2A150BAA00A4BCA7 /* _517aUITests.swift */ = {isa = PBXFileReference; lastKnownFileType = sourcecode.swift; path = _517aUITests.swift; sourceTree = "<group>"; };
		77C592DE2A150BAA00A4BCA7 /* _517aUITestsLaunchTests.swift */ = {isa = PBXFileReference; lastKnownFileType = sourcecode.swift; path = _517aUITestsLaunchTests.swift; sourceTree = "<group>"; };
		77C592EB2A1511FC00A4BCA7 /* Data.swift */ = {isa = PBXFileReference; lastKnownFileType = sourcecode.swift; path = Data.swift; sourceTree = "<group>"; };
		77C592ED2A151AB300A4BCA7 /* CustomTableViewCell.swift */ = {isa = PBXFileReference; lastKnownFileType = sourcecode.swift; name = CustomTableViewCell.swift; path = 0517a/CustomTableViewCell.swift; sourceTree = "<group>"; };
/* End PBXFileReference section */

/* Begin PBXFrameworksBuildPhase section */
		77C592B52A150BA700A4BCA7 /* Frameworks */ = {
			isa = PBXFrameworksBuildPhase;
			buildActionMask = 2147483647;
			files = (
			);
			runOnlyForDeploymentPostprocessing = 0;
		};
		77C592CB2A150BAA00A4BCA7 /* Frameworks */ = {
			isa = PBXFrameworksBuildPhase;
			buildActionMask = 2147483647;
			files = (
			);
			runOnlyForDeploymentPostprocessing = 0;
		};
		77C592D52A150BAA00A4BCA7 /* Frameworks */ = {
			isa = PBXFrameworksBuildPhase;
			buildActionMask = 2147483647;
			files = (
			);
			runOnlyForDeploymentPostprocessing = 0;
		};
/* End PBXFrameworksBuildPhase section */

/* Begin PBXGroup section */
		77C592AF2A150BA700A4BCA7 = {
			isa = PBXGroup;
			children = (
				77C592ED2A151AB300A4BCA7 /* CustomTableViewCell.swift */,
				77C592BA2A150BA700A4BCA7 /* 0517a */,
				77C592D12A150BAA00A4BCA7 /* 0517aTests */,
				77C592DB2A150BAA00A4BCA7 /* 0517aUITests */,
				77C592B92A150BA700A4BCA7 /* Products */,
			);
			sourceTree = "<group>";
		};
		77C592B92A150BA700A4BCA7 /* Products */ = {
			isa = PBXGroup;
			children = (
				77C592B82A150BA700A4BCA7 /* 0517a.app */,
				77C592CE2A150BAA00A4BCA7 /* 0517aTests.xctest */,
				77C592D82A150BAA00A4BCA7 /* 0517aUITests.xctest */,
			);
			name = Products;
			sourceTree = "<group>";
		};
		77C592BA2A150BA700A4BCA7 /* 0517a */ = {
			isa = PBXGroup;
			children = (
				77C592BB2A150BA700A4BCA7 /* AppDelegate.swift */,
				77C592BD2A150BA700A4BCA7 /* SceneDelegate.swift */,
				77C592BF2A150BA700A4BCA7 /* ViewController.swift */,
				77C592C12A150BA700A4BCA7 /* Main.storyboard */,
				77C592EB2A1511FC00A4BCA7 /* Data.swift */,
				77C592C42A150BA900A4BCA7 /* Assets.xcassets */,
				77C592C62A150BA900A4BCA7 /* LaunchScreen.storyboard */,
				77C592C92A150BA900A4BCA7 /* Info.plist */,
			);
			path = 0517a;
			sourceTree = "<group>";
		};
		77C592D12A150BAA00A4BCA7 /* 0517aTests */ = {
			isa = PBXGroup;
			children = (
				77C592D22A150BAA00A4BCA7 /* _517aTests.swift */,
			);
			path = 0517aTests;
			sourceTree = "<group>";
		};
		77C592DB2A150BAA00A4BCA7 /* 0517aUITests */ = {
			isa = PBXGroup;
			children = (
				77C592DC2A150BAA00A4BCA7 /* _517aUITests.swift */,
				77C592DE2A150BAA00A4BCA7 /* _517aUITestsLaunchTests.swift */,
			);
			path = 0517aUITests;
			sourceTree = "<group>";
		};
/* End PBXGroup section */

/* Begin PBXNativeTarget section */
		77C592B72A150BA700A4BCA7 /* 0517a */ = {
			isa = PBXNativeTarget;
			buildConfigurationList = 77C592E22A150BAA00A4BCA7 /* Build configuration list for PBXNativeTarget "0517a" */;
			buildPhases = (
				77C592B42A150BA700A4BCA7 /* Sources */,
				77C592B52A150BA700A4BCA7 /* Frameworks */,
				77C592B62A150BA700A4BCA7 /* Resources */,
			);
			buildRules = (
			);
			dependencies = (
			);
			name = 0517a;
			productName = 0517a;
			productReference = 77C592B82A150BA700A4BCA7 /* 0517a.app */;
			productType = "com.apple.product-type.application";
		};
		77C592CD2A150BAA00A4BCA7 /* 0517aTests */ = {
			isa = PBXNativeTarget;
			buildConfigurationList = 77C592E52A150BAA00A4BCA7 /* Build configuration list for PBXNativeTarget "0517aTests" */;
			buildPhases = (
				77C592CA2A150BAA00A4BCA7 /* Sources */,
				77C592CB2A150BAA00A4BCA7 /* Frameworks */,
				77C592CC2A150BAA00A4BCA7 /* Resources */,
			);
			buildRules = (
			);
			dependencies = (
				77C592D02A150BAA00A4BCA7 /* PBXTargetDependency */,
			);
			name = 0517aTests;
			productName = 0517aTests;
			productReference = 77C592CE2A150BAA00A4BCA7 /* 0517aTests.xctest */;
			productType = "com.apple.product-type.bundle.unit-test";
		};
		77C592D72A150BAA00A4BCA7 /* 0517aUITests */ = {
			isa = PBXNativeTarget;
			buildConfigurationList = 77C592E82A150BAA00A4BCA7 /* Build configuration list for PBXNativeTarget "0517aUITests" */;
			buildPhases = (
				77C592D42A150BAA00A4BCA7 /* Sources */,
				77C592D52A150BAA00A4BCA7 /* Frameworks */,
				77C592D62A150BAA00A4BCA7 /* Resources */,
			);
			buildRules = (
			);
			dependencies = (
				77C592DA2A150BAA00A4BCA7 /* PBXTargetDependency */,
			);
			name = 0517aUITests;
			productName = 0517aUITests;
			productReference = 77C592D82A150BAA00A4BCA7 /* 0517aUITests.xctest */;
			productType = "com.apple.product-type.bundle.ui-testing";
		};
/* End PBXNativeTarget section */

/* Begin PBXProject section */
		77C592B02A150BA700A4BCA7 /* Project object */ = {
			isa = PBXProject;
			attributes = {
				BuildIndependentTargetsInParallel = 1;
				LastSwiftUpdateCheck = 1420;
				LastUpgradeCheck = 1420;
				TargetAttributes = {
					77C592B72A150BA700A4BCA7 = {
						CreatedOnToolsVersion = 14.2;
					};
					77C592CD2A150BAA00A4BCA7 = {
						CreatedOnToolsVersion = 14.2;
						TestTargetID = 77C592B72A150BA700A4BCA7;
					};
					77C592D72A150BAA00A4BCA7 = {
						CreatedOnToolsVersion = 14.2;
						TestTargetID = 77C592B72A150BA700A4BCA7;
					};
				};
			};
			buildConfigurationList = 77C592B32A150BA700A4BCA7 /* Build configuration list for PBXProject "0517a" */;
			compatibilityVersion = "Xcode 14.0";
			developmentRegion = en;
			hasScannedForEncodings = 0;
			knownRegions = (
				en,
				Base,
			);
			mainGroup = 77C592AF2A150BA700A4BCA7;
			productRefGroup = 77C592B92A150BA700A4BCA7 /* Products */;
			projectDirPath = "";
			projectRoot = "";
			targets = (
				77C592B72A150BA700A4BCA7 /* 0517a */,
				77C592CD2A150BAA00A4BCA7 /* 0517aTests */,
				77C592D72A150BAA00A4BCA7 /* 0517aUITests */,
			);
		};
/* End PBXProject section */

/* Begin PBXResourcesBuildPhase section */
		77C592B62A150BA700A4BCA7 /* Resources */ = {
			isa = PBXResourcesBuildPhase;
			buildActionMask = 2147483647;
			files = (
				77C592C82A150BA900A4BCA7 /* LaunchScreen.storyboard in Resources */,
				77C592C52A150BA900A4BCA7 /* Assets.xcassets in Resources */,
				77C592C32A150BA700A4BCA7 /* Main.storyboard in Resources */,
			);
			runOnlyForDeploymentPostprocessing = 0;
		};
		77C592CC2A150BAA00A4BCA7 /* Resources */ = {
			isa = PBXResourcesBuildPhase;
			buildActionMask = 2147483647;
			files = (
			);
			runOnlyForDeploymentPostprocessing = 0;
		};
		77C592D62A150BAA00A4BCA7 /* Resources */ = {
			isa = PBXResourcesBuildPhase;
			buildActionMask = 2147483647;
			files = (
			);
			runOnlyForDeploymentPostprocessing = 0;
		};
/* End PBXResourcesBuildPhase section */

/* Begin PBXSourcesBuildPhase section */
		77C592B42A150BA700A4BCA7 /* Sources */ = {
			isa = PBXSourcesBuildPhase;
			buildActionMask = 2147483647;
			files = (
				77C592C02A150BA700A4BCA7 /* ViewController.swift in Sources */,
				77C592EE2A151AB300A4BCA7 /* CustomTableViewCell.swift in Sources */,
				77C592BC2A150BA700A4BCA7 /* AppDelegate.swift in Sources */,
				77C592BE2A150BA700A4BCA7 /* SceneDelegate.swift in Sources */,
				77C592EC2A1511FC00A4BCA7 /* Data.swift in Sources */,
			);
			runOnlyForDeploymentPostprocessing = 0;
		};
		77C592CA2A150BAA00A4BCA7 /* Sources */ = {
			isa = PBXSourcesBuildPhase;
			buildActionMask = 2147483647;
			files = (
				77C592D32A150BAA00A4BCA7 /* _517aTests.swift in Sources */,
			);
			runOnlyForDeploymentPostprocessing = 0;
		};
		77C592D42A150BAA00A4BCA7 /* Sources */ = {
			isa = PBXSourcesBuildPhase;
			buildActionMask = 2147483647;
			files = (
				77C592DF2A150BAA00A4BCA7 /* _517aUITestsLaunchTests.swift in Sources */,
				77C592DD2A150BAA00A4BCA7 /* _517aUITests.swift in Sources */,
			);
			runOnlyForDeploymentPostprocessing = 0;
		};
/* End PBXSourcesBuildPhase section */

/* Begin PBXTargetDependency section */
		77C592D02A150BAA00A4BCA7 /* PBXTargetDependency */ = {
			isa = PBXTargetDependency;
			target = 77C592B72A150BA700A4BCA7 /* 0517a */;
			targetProxy = 77C592CF2A150BAA00A4BCA7 /* PBXContainerItemProxy */;
		};
		77C592DA2A150BAA00A4BCA7 /* PBXTargetDependency */ = {
			isa = PBXTargetDependency;
			target = 77C592B72A150BA700A4BCA7 /* 0517a */;
			targetProxy = 77C592D92A150BAA00A4BCA7 /* PBXContainerItemProxy */;
		};
/* End PBXTargetDependency section */

/* Begin PBXVariantGroup section */
		77C592C12A150BA700A4BCA7 /* Main.storyboard */ = {
			isa = PBXVariantGroup;
			children = (
				77C592C22A150BA700A4BCA7 /* Base */,
			);
			name = Main.storyboard;
			sourceTree = "<group>";
		};
		77C592C62A150BA900A4BCA7 /* LaunchScreen.storyboard */ = {
			isa = PBXVariantGroup;
			children = (
				77C592C72A150BA900A4BCA7 /* Base */,
			);
			name = LaunchScreen.storyboard;
			sourceTree = "<group>";
		};
/* End PBXVariantGroup section */

/* Begin XCBuildConfiguration section */
		77C592E02A150BAA00A4BCA7 /* Debug */ = {
			isa = XCBuildConfiguration;
			buildSettings = {
				ALWAYS_SEARCH_USER_PATHS = NO;
				CLANG_ANALYZER_NONNULL = YES;
				CLANG_ANALYZER_NUMBER_OBJECT_CONVERSION = YES_AGGRESSIVE;
				CLANG_CXX_LANGUAGE_STANDARD = "gnu++20";
				CLANG_ENABLE_MODULES = YES;
				CLANG_ENABLE_OBJC_ARC = YES;
				CLANG_ENABLE_OBJC_WEAK = YES;
				CLANG_WARN_BLOCK_CAPTURE_AUTORELEASING = YES;
				CLANG_WARN_BOOL_CONVERSION = YES;
				CLANG_WARN_COMMA = YES;
				CLANG_WARN_CONSTANT_CONVERSION = YES;
				CLANG_WARN_DEPRECATED_OBJC_IMPLEMENTATIONS = YES;
				CLANG_WARN_DIRECT_OBJC_ISA_USAGE = YES_ERROR;
				CLANG_WARN_DOCUMENTATION_COMMENTS = YES;
				CLANG_WARN_EMPTY_BODY = YES;
				CLANG_WARN_ENUM_CONVERSION = YES;
				CLANG_WARN_INFINITE_RECURSION = YES;
				CLANG_WARN_INT_CONVERSION = YES;
				CLANG_WARN_NON_LITERAL_NULL_CONVERSION = YES;
				CLANG_WARN_OBJC_IMPLICIT_RETAIN_SELF = YES;
				CLANG_WARN_OBJC_LITERAL_CONVERSION = YES;
				CLANG_WARN_OBJC_ROOT_CLASS = YES_ERROR;
				CLANG_WARN_QUOTED_INCLUDE_IN_FRAMEWORK_HEADER = YES;
				CLANG_WARN_RANGE_LOOP_ANALYSIS = YES;
				CLANG_WARN_STRICT_PROTOTYPES = YES;
				CLANG_WARN_SUSPICIOUS_MOVE = YES;
				CLANG_WARN_UNGUARDED_AVAILABILITY = YES_AGGRESSIVE;
				CLANG_WARN_UNREACHABLE_CODE = YES;
				CLANG_WARN__DUPLICATE_METHOD_MATCH = YES;
				COPY_PHASE_STRIP = NO;
				DEBUG_INFORMATION_FORMAT = dwarf;
				ENABLE_STRICT_OBJC_MSGSEND = YES;
				ENABLE_TESTABILITY = YES;
				GCC_C_LANGUAGE_STANDARD = gnu11;
				GCC_DYNAMIC_NO_PIC = NO;
				GCC_NO_COMMON_BLOCKS = YES;
				GCC_OPTIMIZATION_LEVEL = 0;
				GCC_PREPROCESSOR_DEFINITIONS = (
					"DEBUG=1",
					"$(inherited)",
				);
				GCC_WARN_64_TO_32_BIT_CONVERSION = YES;
				GCC_WARN_ABOUT_RETURN_TYPE = YES_ERROR;
				GCC_WARN_UNDECLARED_SELECTOR = YES;
				GCC_WARN_UNINITIALIZED_AUTOS = YES_AGGRESSIVE;
				GCC_WARN_UNUSED_FUNCTION = YES;
				GCC_WARN_UNUSED_VARIABLE = YES;
				IPHONEOS_DEPLOYMENT_TARGET = 16.2;
				MTL_ENABLE_DEBUG_INFO = INCLUDE_SOURCE;
				MTL_FAST_MATH = YES;
				ONLY_ACTIVE_ARCH = YES;
				SDKROOT = iphoneos;
				SWIFT_ACTIVE_COMPILATION_CONDITIONS = DEBUG;
				SWIFT_OPTIMIZATION_LEVEL = "-Onone";
			};
			name = Debug;
		};
		77C592E12A150BAA00A4BCA7 /* Release */ = {
			isa = XCBuildConfiguration;
			buildSettings = {
				ALWAYS_SEARCH_USER_PATHS = NO;
				CLANG_ANALYZER_NONNULL = YES;
				CLANG_ANALYZER_NUMBER_OBJECT_CONVERSION = YES_AGGRESSIVE;
				CLANG_CXX_LANGUAGE_STANDARD = "gnu++20";
				CLANG_ENABLE_MODULES = YES;
				CLANG_ENABLE_OBJC_ARC = YES;
				CLANG_ENABLE_OBJC_WEAK = YES;
				CLANG_WARN_BLOCK_CAPTURE_AUTORELEASING = YES;
				CLANG_WARN_BOOL_CONVERSION = YES;
				CLANG_WARN_COMMA = YES;
				CLANG_WARN_CONSTANT_CONVERSION = YES;
				CLANG_WARN_DEPRECATED_OBJC_IMPLEMENTATIONS = YES;
				CLANG_WARN_DIRECT_OBJC_ISA_USAGE = YES_ERROR;
				CLANG_WARN_DOCUMENTATION_COMMENTS = YES;
				CLANG_WARN_EMPTY_BODY = YES;
				CLANG_WARN_ENUM_CONVERSION = YES;
				CLANG_WARN_INFINITE_RECURSION = YES;
				CLANG_WARN_INT_CONVERSION = YES;
				CLANG_WARN_NON_LITERAL_NULL_CONVERSION = YES;
				CLANG_WARN_OBJC_IMPLICIT_RETAIN_SELF = YES;
				CLANG_WARN_OBJC_LITERAL_CONVERSION = YES;
				CLANG_WARN_OBJC_ROOT_CLASS = YES_ERROR;
				CLANG_WARN_QUOTED_INCLUDE_IN_FRAMEWORK_HEADER = YES;
				CLANG_WARN_RANGE_LOOP_ANALYSIS = YES;
				CLANG_WARN_STRICT_PROTOTYPES = YES;
				CLANG_WARN_SUSPICIOUS_MOVE = YES;
				CLANG_WARN_UNGUARDED_AVAILABILITY = YES_AGGRESSIVE;
				CLANG_WARN_UNREACHABLE_CODE = YES;
				CLANG_WARN__DUPLICATE_METHOD_MATCH = YES;
				COPY_PHASE_STRIP = NO;
				DEBUG_INFORMATION_FORMAT = "dwarf-with-dsym";
				ENABLE_NS_ASSERTIONS = NO;
				ENABLE_STRICT_OBJC_MSGSEND = YES;
				GCC_C_LANGUAGE_STANDARD = gnu11;
				GCC_NO_COMMON_BLOCKS = YES;
				GCC_WARN_64_TO_32_BIT_CONVERSION = YES;
				GCC_WARN_ABOUT_RETURN_TYPE = YES_ERROR;
				GCC_WARN_UNDECLARED_SELECTOR = YES;
				GCC_WARN_UNINITIALIZED_AUTOS = YES_AGGRESSIVE;
				GCC_WARN_UNUSED_FUNCTION = YES;
				GCC_WARN_UNUSED_VARIABLE = YES;
				IPHONEOS_DEPLOYMENT_TARGET = 16.2;
				MTL_ENABLE_DEBUG_INFO = NO;
				MTL_FAST_MATH = YES;
				SDKROOT = iphoneos;
				SWIFT_COMPILATION_MODE = wholemodule;
				SWIFT_OPTIMIZATION_LEVEL = "-O";
				VALIDATE_PRODUCT = YES;
			};
			name = Release;
		};
		77C592E32A150BAA00A4BCA7 /* Debug */ = {
			isa = XCBuildConfiguration;
			buildSettings = {
				ASSETCATALOG_COMPILER_APPICON_NAME = AppIcon;
				ASSETCATALOG_COMPILER_GLOBAL_ACCENT_COLOR_NAME = AccentColor;
				CODE_SIGN_STYLE = Automatic;
				CURRENT_PROJECT_VERSION = 1;
				DEVELOPMENT_TEAM = 4SHJ665Z7D;
				GENERATE_INFOPLIST_FILE = YES;
				INFOPLIST_FILE = 0517a/Info.plist;
				INFOPLIST_KEY_UIApplicationSupportsIndirectInputEvents = YES;
				INFOPLIST_KEY_UILaunchStoryboardName = LaunchScreen;
				INFOPLIST_KEY_UIMainStoryboardFile = Main;
				INFOPLIST_KEY_UISupportedInterfaceOrientations_iPad = "UIInterfaceOrientationPortrait UIInterfaceOrientationPortraitUpsideDown UIInterfaceOrientationLandscapeLeft UIInterfaceOrientationLandscapeRight";
				INFOPLIST_KEY_UISupportedInterfaceOrientations_iPhone = "UIInterfaceOrientationPortrait UIInterfaceOrientationLandscapeLeft UIInterfaceOrientationLandscapeRight";
				LD_RUNPATH_SEARCH_PATHS = (
					"$(inherited)",
					"@executable_path/Frameworks",
				);
				MARKETING_VERSION = 1.0;
				PRODUCT_BUNDLE_IDENTIFIER = "cong.island.-517a";
				PRODUCT_NAME = "$(TARGET_NAME)";
				SWIFT_EMIT_LOC_STRINGS = YES;
				SWIFT_VERSION = 5.0;
				TARGETED_DEVICE_FAMILY = "1,2";
			};
			name = Debug;
		};
		77C592E42A150BAA00A4BCA7 /* Release */ = {
			isa = XCBuildConfiguration;
			buildSettings = {
				ASSETCATALOG_COMPILER_APPICON_NAME = AppIcon;
				ASSETCATALOG_COMPILER_GLOBAL_ACCENT_COLOR_NAME = AccentColor;
				CODE_SIGN_STYLE = Automatic;
				CURRENT_PROJECT_VERSION = 1;
				DEVELOPMENT_TEAM = 4SHJ665Z7D;
				GENERATE_INFOPLIST_FILE = YES;
				INFOPLIST_FILE = 0517a/Info.plist;
				INFOPLIST_KEY_UIApplicationSupportsIndirectInputEvents = YES;
				INFOPLIST_KEY_UILaunchStoryboardName = LaunchScreen;
				INFOPLIST_KEY_UIMainStoryboardFile = Main;
				INFOPLIST_KEY_UISupportedInterfaceOrientations_iPad = "UIInterfaceOrientationPortrait UIInterfaceOrientationPortraitUpsideDown UIInterfaceOrientationLandscapeLeft UIInterfaceOrientationLandscapeRight";
				INFOPLIST_KEY_UISupportedInterfaceOrientations_iPhone = "UIInterfaceOrientationPortrait UIInterfaceOrientationLandscapeLeft UIInterfaceOrientationLandscapeRight";
				LD_RUNPATH_SEARCH_PATHS = (
					"$(inherited)",
					"@executable_path/Frameworks",
				);
				MARKETING_VERSION = 1.0;
				PRODUCT_BUNDLE_IDENTIFIER = "cong.island.-517a";
				PRODUCT_NAME = "$(TARGET_NAME)";
				SWIFT_EMIT_LOC_STRINGS = YES;
				SWIFT_VERSION = 5.0;
				TARGETED_DEVICE_FAMILY = "1,2";
			};
			name = Release;
		};
		77C592E62A150BAA00A4BCA7 /* Debug */ = {
			isa = XCBuildConfiguration;
			buildSettings = {
				ALWAYS_EMBED_SWIFT_STANDARD_LIBRARIES = YES;
				BUNDLE_LOADER = "$(TEST_HOST)";
				CODE_SIGN_STYLE = Automatic;
				CURRENT_PROJECT_VERSION = 1;
				DEVELOPMENT_TEAM = 4SHJ665Z7D;
				GENERATE_INFOPLIST_FILE = YES;
				IPHONEOS_DEPLOYMENT_TARGET = 16.2;
				MARKETING_VERSION = 1.0;
				PRODUCT_BUNDLE_IDENTIFIER = "cong.island.-517aTests";
				PRODUCT_NAME = "$(TARGET_NAME)";
				SWIFT_EMIT_LOC_STRINGS = NO;
				SWIFT_VERSION = 5.0;
				TARGETED_DEVICE_FAMILY = "1,2";
				TEST_HOST = "$(BUILT_PRODUCTS_DIR)/0517a.app/$(BUNDLE_EXECUTABLE_FOLDER_PATH)/0517a";
			};
			name = Debug;
		};
		77C592E72A150BAA00A4BCA7 /* Release */ = {
			isa = XCBuildConfiguration;
			buildSettings = {
				ALWAYS_EMBED_SWIFT_STANDARD_LIBRARIES = YES;
				BUNDLE_LOADER = "$(TEST_HOST)";
				CODE_SIGN_STYLE = Automatic;
				CURRENT_PROJECT_VERSION = 1;
				DEVELOPMENT_TEAM = 4SHJ665Z7D;
				GENERATE_INFOPLIST_FILE = YES;
				IPHONEOS_DEPLOYMENT_TARGET = 16.2;
				MARKETING_VERSION = 1.0;
				PRODUCT_BUNDLE_IDENTIFIER = "cong.island.-517aTests";
				PRODUCT_NAME = "$(TARGET_NAME)";
				SWIFT_EMIT_LOC_STRINGS = NO;
				SWIFT_VERSION = 5.0;
				TARGETED_DEVICE_FAMILY = "1,2";
				TEST_HOST = "$(BUILT_PRODUCTS_DIR)/0517a.app/$(BUNDLE_EXECUTABLE_FOLDER_PATH)/0517a";
			};
			name = Release;
		};
		77C592E92A150BAA00A4BCA7 /* Debug */ = {
			isa = XCBuildConfiguration;
			buildSettings = {
				ALWAYS_EMBED_SWIFT_STANDARD_LIBRARIES = YES;
				CODE_SIGN_STYLE = Automatic;
				CURRENT_PROJECT_VERSION = 1;
				DEVELOPMENT_TEAM = 4SHJ665Z7D;
				GENERATE_INFOPLIST_FILE = YES;
				MARKETING_VERSION = 1.0;
				PRODUCT_BUNDLE_IDENTIFIER = "cong.island.-517aUITests";
				PRODUCT_NAME = "$(TARGET_NAME)";
				SWIFT_EMIT_LOC_STRINGS = NO;
				SWIFT_VERSION = 5.0;
				TARGETED_DEVICE_FAMILY = "1,2";
				TEST_TARGET_NAME = 0517a;
			};
			name = Debug;
		};
		77C592EA2A150BAA00A4BCA7 /* Release */ = {
			isa = XCBuildConfiguration;
			buildSettings = {
				ALWAYS_EMBED_SWIFT_STANDARD_LIBRARIES = YES;
				CODE_SIGN_STYLE = Automatic;
				CURRENT_PROJECT_VERSION = 1;
				DEVELOPMENT_TEAM = 4SHJ665Z7D;
				GENERATE_INFOPLIST_FILE = YES;
				MARKETING_VERSION = 1.0;
				PRODUCT_BUNDLE_IDENTIFIER = "cong.island.-517aUITests";
				PRODUCT_NAME = "$(TARGET_NAME)";
				SWIFT_EMIT_LOC_STRINGS = NO;
				SWIFT_VERSION = 5.0;
				TARGETED_DEVICE_FAMILY = "1,2";
				TEST_TARGET_NAME = 0517a;
			};
			name = Release;
		};
/* End XCBuildConfiguration section */

/* Begin XCConfigurationList section */
		77C592B32A150BA700A4BCA7 /* Build configuration list for PBXProject "0517a" */ = {
			isa = XCConfigurationList;
			buildConfigurations = (
				77C592E02A150BAA00A4BCA7 /* Debug */,
				77C592E12A150BAA00A4BCA7 /* Release */,
			);
			defaultConfigurationIsVisible = 0;
			defaultConfigurationName = Release;
		};
		77C592E22A150BAA00A4BCA7 /* Build configuration list for PBXNativeTarget "0517a" */ = {
			isa = XCConfigurationList;
			buildConfigurations = (
				77C592E32A150BAA00A4BCA7 /* Debug */,
				77C592E42A150BAA00A4BCA7 /* Release */,
			);
			defaultConfigurationIsVisible = 0;
			defaultConfigurationName = Release;
		};
		77C592E52A150BAA00A4BCA7 /* Build configuration list for PBXNativeTarget "0517aTests" */ = {
			isa = XCConfigurationList;
			buildConfigurations = (
				77C592E62A150BAA00A4BCA7 /* Debug */,
				77C592E72A150BAA00A4BCA7 /* Release */,
			);
			defaultConfigurationIsVisible = 0;
			defaultConfigurationName = Release;
		};
		77C592E82A150BAA00A4BCA7 /* Build configuration list for PBXNativeTarget "0517aUITests" */ = {
			isa = XCConfigurationList;
			buildConfigurations = (
				77C592E92A150BAA00A4BCA7 /* Debug */,
				77C592EA2A150BAA00A4BCA7 /* Release */,
			);
			defaultConfigurationIsVisible = 0;
			defaultConfigurationName = Release;
		};
/* End XCConfigurationList section */
	};
	rootObject = 77C592B02A150BA700A4BCA7 /* Project object */;
}
